
Microsoft Visual Studio Solution File, Format Version 12.00
# Visual Studio Version 17
VisualStudioVersion = 17.10.35004.147
MinimumVisualStudioVersion = 10.0.40219.1
Project("{FAE04EC0-301F-11D3-BF4B-00C04F79EFBC}") = "ASP-users", "ASP-users\ASP-users.csproj", "{5B2C5622-8C3D-4897-87C6-0319082308CE}"
EndProject
Global
	GlobalSection(SolutionConfigurationPlatforms) = preSolution
		Debug|Any CPU = Debug|Any CPU
		Release|Any CPU = Release|Any CPU
	EndGlobalSection
	GlobalSection(ProjectConfigurationPlatforms) = postSolution
		{5B2C5622-8C3D-4897-87C6-0319082308CE}.Debug|Any CPU.ActiveCfg = Debug|Any CPU
		{5B2C5622-8C3D-4897-87C6-0319082308CE}.Debug|Any CPU.Build.0 = Debug|Any CPU
		{5B2C5622-8C3D-4897-87C6-0319082308CE}.Release|Any CPU.ActiveCfg = Release|Any CPU
		{5B2C5622-8C3D-4897-87C6-0319082308CE}.Release|Any CPU.Build.0 = Release|Any CPU
	EndGlobalSection
	GlobalSection(SolutionProperties) = preSolution
		HideSolutionNode = FALSE
	EndGlobalSection
	GlobalSection(ExtensibilityGlobals) = postSolution
		SolutionGuid = {3DC327D3-FA39-4927-A535-305811245A7E}
	EndGlobalSection
EndGlobal
